
Microsoft Visual Studio Solution File, Format Version 10.00
# Visual Studio 2008
Project("{FAE04EC0-301F-11D3-BF4B-00C04F79EFBC}") = "SLB", "SLB\SLB.csproj", "{20CC7C90-08C9-49B1-AA27-4C2BEE40701F}"
EndProject
Global
	GlobalSection(SolutionConfigurationPlatforms) = preSolution
		Debug|Any CPU = Debug|Any CPU
		Release|Any CPU = Release|Any CPU
	EndGlobalSection
	GlobalSection(ProjectConfigurationPlatforms) = postSolution
		{20CC7C90-08C9-49B1-AA27-4C2BEE40701F}.Debug|Any CPU.ActiveCfg = Debug|Any CPU
		{20CC7C90-08C9-49B1-AA27-4C2BEE40701F}.Debug|Any CPU.Build.0 = Debug|Any CPU
		{20CC7C90-08C9-49B1-AA27-4C2BEE40701F}.Debug|Any CPU.Deploy.0 = Debug|Any CPU
		{20CC7C90-08C9-49B1-AA27-4C2BEE40701F}.Release|Any CPU.ActiveCfg = Release|Any CPU
		{20CC7C90-08C9-49B1-AA27-4C2BEE40701F}.Release|Any CPU.Build.0 = Release|Any CPU
		{20CC7C90-08C9-49B1-AA27-4C2BEE40701F}.Release|Any CPU.Deploy.0 = Release|Any CPU
	EndGlobalSection
	GlobalSection(SolutionProperties) = preSolution
		HideSolutionNode = FALSE
	EndGlobalSection
EndGlobal
